// !$*UTF8*$!
{
	archiveVersion = 1;
	classes = {
	};
	objectVersion = 56;
	objects = {

/* Begin PBXBuildFile section */
		E17087D02B83C8120065F570 /* MockData.swift in Sources */ = {isa = PBXBuildFile; fileRef = E17087CF2B83C8120065F570 /* MockData.swift */; };
		E18A58682B852920000F74A6 /* SeriesViewModdel.swift in Sources */ = {isa = PBXBuildFile; fileRef = E18A58672B852920000F74A6 /* SeriesViewModdel.swift */; };
		E18A586B2B861065000F74A6 /* Main.swift in Sources */ = {isa = PBXBuildFile; fileRef = E18A586A2B861065000F74A6 /* Main.swift */; };
		E18C62782B082524001B8F05 /* marvelAppIOSApp.swift in Sources */ = {isa = PBXBuildFile; fileRef = E18C62772B082524001B8F05 /* marvelAppIOSApp.swift */; };
		E18C627A2B082524001B8F05 /* Persistence.swift in Sources */ = {isa = PBXBuildFile; fileRef = E18C62792B082524001B8F05 /* Persistence.swift */; };
		E18C627D2B082524001B8F05 /* marvelAppIOS.xcdatamodeld in Sources */ = {isa = PBXBuildFile; fileRef = E18C627B2B082524001B8F05 /* marvelAppIOS.xcdatamodeld */; };
		E18C62812B082525001B8F05 /* Assets.xcassets in Resources */ = {isa = PBXBuildFile; fileRef = E18C62802B082525001B8F05 /* Assets.xcassets */; };
		E18C62852B082525001B8F05 /* Preview Assets.xcassets in Resources */ = {isa = PBXBuildFile; fileRef = E18C62842B082525001B8F05 /* Preview Assets.xcassets */; };
		E18C628F2B082525001B8F05 /* marvelAppIOSTests.swift in Sources */ = {isa = PBXBuildFile; fileRef = E18C628E2B082525001B8F05 /* marvelAppIOSTests.swift */; };
		E18C62992B082526001B8F05 /* marvelAppIOSUITests.swift in Sources */ = {isa = PBXBuildFile; fileRef = E18C62982B082526001B8F05 /* marvelAppIOSUITests.swift */; };
		E18C629B2B082526001B8F05 /* marvelAppIOSUITestsLaunchTests.swift in Sources */ = {isa = PBXBuildFile; fileRef = E18C629A2B082526001B8F05 /* marvelAppIOSUITestsLaunchTests.swift */; };
		E18C62AF2B082BE9001B8F05 /* LoginView.swift in Sources */ = {isa = PBXBuildFile; fileRef = E18C62AE2B082BE9001B8F05 /* LoginView.swift */; };
		E18C62B52B082CF8001B8F05 /* CharactersDetailView.swift in Sources */ = {isa = PBXBuildFile; fileRef = E18C62B42B082CF8001B8F05 /* CharactersDetailView.swift */; };
		E18C62B82B082D66001B8F05 /* CharactersListView.swift in Sources */ = {isa = PBXBuildFile; fileRef = E18C62B72B082D66001B8F05 /* CharactersListView.swift */; };
		E18C62BC2B08334F001B8F05 /* KeychainSwift in Frameworks */ = {isa = PBXBuildFile; productRef = E18C62BB2B08334F001B8F05 /* KeychainSwift */; };
		E18C62C42B083EF5001B8F05 /* Localizable.xcstrings in Resources */ = {isa = PBXBuildFile; fileRef = E18C62C32B083EF5001B8F05 /* Localizable.xcstrings */; };
		E18C62C62B084059001B8F05 /* KeyChain.swift in Sources */ = {isa = PBXBuildFile; fileRef = E18C62C52B084059001B8F05 /* KeyChain.swift */; };
		E1E1EF9D2B08EA770067FBF3 /* CharacterRowView.swift in Sources */ = {isa = PBXBuildFile; fileRef = E1E1EF9C2B08EA770067FBF3 /* CharacterRowView.swift */; };
		E1FB161A2B0A8AB0002400E2 /* RootModels.swift in Sources */ = {isa = PBXBuildFile; fileRef = E1FB16192B0A8AB0002400E2 /* RootModels.swift */; };
		E1FB161C2B0A8DBE002400E2 /* BaseNetwork.swift in Sources */ = {isa = PBXBuildFile; fileRef = E1FB161B2B0A8DBE002400E2 /* BaseNetwork.swift */; };
		E1FB161E2B0A992B002400E2 /* RootViewModel.swift in Sources */ = {isa = PBXBuildFile; fileRef = E1FB161D2B0A992B002400E2 /* RootViewModel.swift */; };
		E1FE85D72B0952B600D11985 /* SeriesRowView.swift in Sources */ = {isa = PBXBuildFile; fileRef = E1FE85D62B0952B600D11985 /* SeriesRowView.swift */; };
/* End PBXBuildFile section */

/* Begin PBXContainerItemProxy section */
		E18C628B2B082525001B8F05 /* PBXContainerItemProxy */ = {
			isa = PBXContainerItemProxy;
			containerPortal = E18C626C2B082524001B8F05 /* Project object */;
			proxyType = 1;
			remoteGlobalIDString = E18C62732B082524001B8F05;
			remoteInfo = marvelAppIOS;
		};
		E18C62952B082526001B8F05 /* PBXContainerItemProxy */ = {
			isa = PBXContainerItemProxy;
			containerPortal = E18C626C2B082524001B8F05 /* Project object */;
			proxyType = 1;
			remoteGlobalIDString = E18C62732B082524001B8F05;
			remoteInfo = marvelAppIOS;
		};
/* End PBXContainerItemProxy section */

/* Begin PBXFileReference section */
		E17087CF2B83C8120065F570 /* MockData.swift */ = {isa = PBXFileReference; lastKnownFileType = sourcecode.swift; path = MockData.swift; sourceTree = "<group>"; };
		E18A58672B852920000F74A6 /* SeriesViewModdel.swift */ = {isa = PBXFileReference; lastKnownFileType = sourcecode.swift; path = SeriesViewModdel.swift; sourceTree = "<group>"; };
		E18A586A2B861065000F74A6 /* Main.swift */ = {isa = PBXFileReference; lastKnownFileType = sourcecode.swift; path = Main.swift; sourceTree = "<group>"; };
		E18C62742B082524001B8F05 /* marvelAppIOS.app */ = {isa = PBXFileReference; explicitFileType = wrapper.application; includeInIndex = 0; path = marvelAppIOS.app; sourceTree = BUILT_PRODUCTS_DIR; };
		E18C62772B082524001B8F05 /* marvelAppIOSApp.swift */ = {isa = PBXFileReference; lastKnownFileType = sourcecode.swift; path = marvelAppIOSApp.swift; sourceTree = "<group>"; };
		E18C62792B082524001B8F05 /* Persistence.swift */ = {isa = PBXFileReference; lastKnownFileType = sourcecode.swift; path = Persistence.swift; sourceTree = "<group>"; };
		E18C627C2B082524001B8F05 /* marvelAppIOS.xcdatamodel */ = {isa = PBXFileReference; lastKnownFileType = wrapper.xcdatamodel; path = marvelAppIOS.xcdatamodel; sourceTree = "<group>"; };
		E18C62802B082525001B8F05 /* Assets.xcassets */ = {isa = PBXFileReference; lastKnownFileType = folder.assetcatalog; path = Assets.xcassets; sourceTree = "<group>"; };
		E18C62822B082525001B8F05 /* marvelAppIOS.entitlements */ = {isa = PBXFileReference; lastKnownFileType = text.plist.entitlements; path = marvelAppIOS.entitlements; sourceTree = "<group>"; };
		E18C62842B082525001B8F05 /* Preview Assets.xcassets */ = {isa = PBXFileReference; lastKnownFileType = folder.assetcatalog; path = "Preview Assets.xcassets"; sourceTree = "<group>"; };
		E18C628A2B082525001B8F05 /* marvelAppIOSTests.xctest */ = {isa = PBXFileReference; explicitFileType = wrapper.cfbundle; includeInIndex = 0; path = marvelAppIOSTests.xctest; sourceTree = BUILT_PRODUCTS_DIR; };
		E18C628E2B082525001B8F05 /* marvelAppIOSTests.swift */ = {isa = PBXFileReference; lastKnownFileType = sourcecode.swift; path = marvelAppIOSTests.swift; sourceTree = "<group>"; };
		E18C62942B082526001B8F05 /* marvelAppIOSUITests.xctest */ = {isa = PBXFileReference; explicitFileType = wrapper.cfbundle; includeInIndex = 0; path = marvelAppIOSUITests.xctest; sourceTree = BUILT_PRODUCTS_DIR; };
		E18C62982B082526001B8F05 /* marvelAppIOSUITests.swift */ = {isa = PBXFileReference; lastKnownFileType = sourcecode.swift; path = marvelAppIOSUITests.swift; sourceTree = "<group>"; };
		E18C629A2B082526001B8F05 /* marvelAppIOSUITestsLaunchTests.swift */ = {isa = PBXFileReference; lastKnownFileType = sourcecode.swift; path = marvelAppIOSUITestsLaunchTests.swift; sourceTree = "<group>"; };
		E18C62AE2B082BE9001B8F05 /* LoginView.swift */ = {isa = PBXFileReference; lastKnownFileType = sourcecode.swift; path = LoginView.swift; sourceTree = "<group>"; };
		E18C62B42B082CF8001B8F05 /* CharactersDetailView.swift */ = {isa = PBXFileReference; lastKnownFileType = sourcecode.swift; path = CharactersDetailView.swift; sourceTree = "<group>"; };
		E18C62B72B082D66001B8F05 /* CharactersListView.swift */ = {isa = PBXFileReference; lastKnownFileType = sourcecode.swift; path = CharactersListView.swift; sourceTree = "<group>"; };
		E18C62B92B082EEA001B8F05 /* Info.plist */ = {isa = PBXFileReference; lastKnownFileType = text.plist; path = Info.plist; sourceTree = "<group>"; };
		E18C62C32B083EF5001B8F05 /* Localizable.xcstrings */ = {isa = PBXFileReference; lastKnownFileType = text.json.xcstrings; path = Localizable.xcstrings; sourceTree = "<group>"; };
		E18C62C52B084059001B8F05 /* KeyChain.swift */ = {isa = PBXFileReference; lastKnownFileType = sourcecode.swift; path = KeyChain.swift; sourceTree = "<group>"; };
		E1E1EF9C2B08EA770067FBF3 /* CharacterRowView.swift */ = {isa = PBXFileReference; lastKnownFileType = sourcecode.swift; path = CharacterRowView.swift; sourceTree = "<group>"; };
		E1FB16192B0A8AB0002400E2 /* RootModels.swift */ = {isa = PBXFileReference; lastKnownFileType = sourcecode.swift; path = RootModels.swift; sourceTree = "<group>"; };
		E1FB161B2B0A8DBE002400E2 /* BaseNetwork.swift */ = {isa = PBXFileReference; lastKnownFileType = sourcecode.swift; path = BaseNetwork.swift; sourceTree = "<group>"; };
		E1FB161D2B0A992B002400E2 /* RootViewModel.swift */ = {isa = PBXFileReference; lastKnownFileType = sourcecode.swift; path = RootViewModel.swift; sourceTree = "<group>"; };
		E1FE85D62B0952B600D11985 /* SeriesRowView.swift */ = {isa = PBXFileReference; lastKnownFileType = sourcecode.swift; path = SeriesRowView.swift; sourceTree = "<group>"; };
/* End PBXFileReference section */

/* Begin PBXFrameworksBuildPhase section */
		E18C62712B082524001B8F05 /* Frameworks */ = {
			isa = PBXFrameworksBuildPhase;
			buildActionMask = 2147483647;
			files = (
				E18C62BC2B08334F001B8F05 /* KeychainSwift in Frameworks */,
			);
			runOnlyForDeploymentPostprocessing = 0;
		};
		E18C62872B082525001B8F05 /* Frameworks */ = {
			isa = PBXFrameworksBuildPhase;
			buildActionMask = 2147483647;
			files = (
			);
			runOnlyForDeploymentPostprocessing = 0;
		};
		E18C62912B082526001B8F05 /* Frameworks */ = {
			isa = PBXFrameworksBuildPhase;
			buildActionMask = 2147483647;
			files = (
			);
			runOnlyForDeploymentPostprocessing = 0;
		};
/* End PBXFrameworksBuildPhase section */

/* Begin PBXGroup section */
		E18C626B2B082524001B8F05 = {
			isa = PBXGroup;
			children = (
				E18C62762B082524001B8F05 /* marvelAppIOS */,
				E18C628D2B082525001B8F05 /* marvelAppIOSTests */,
				E18C62972B082526001B8F05 /* marvelAppIOSUITests */,
				E18C62752B082524001B8F05 /* Products */,
			);
			sourceTree = "<group>";
		};
		E18C62752B082524001B8F05 /* Products */ = {
			isa = PBXGroup;
			children = (
				E18C62742B082524001B8F05 /* marvelAppIOS.app */,
				E18C628A2B082525001B8F05 /* marvelAppIOSTests.xctest */,
				E18C62942B082526001B8F05 /* marvelAppIOSUITests.xctest */,
			);
			name = Products;
			sourceTree = "<group>";
		};
		E18C62762B082524001B8F05 /* marvelAppIOS */ = {
			isa = PBXGroup;
			children = (
				E18C62B92B082EEA001B8F05 /* Info.plist */,
				E18C62AC2B082B88001B8F05 /* View */,
				E18C62AA2B082B75001B8F05 /* Tools */,
				E1FB16182B0A8A45002400E2 /* ViewModdels */,
				E1FB16172B0A8A03002400E2 /* Services */,
				E1FB16162B0A89FA002400E2 /* Models */,
				E18C62A72B082A99001B8F05 /* old */,
				E18C62772B082524001B8F05 /* marvelAppIOSApp.swift */,
				E18C62802B082525001B8F05 /* Assets.xcassets */,
				E18C62822B082525001B8F05 /* marvelAppIOS.entitlements */,
				E18C627B2B082524001B8F05 /* marvelAppIOS.xcdatamodeld */,
				E18C62832B082525001B8F05 /* Preview Content */,
				E18C62C32B083EF5001B8F05 /* Localizable.xcstrings */,
				E17087CF2B83C8120065F570 /* MockData.swift */,
			);
			path = marvelAppIOS;
			sourceTree = "<group>";
		};
		E18C62832B082525001B8F05 /* Preview Content */ = {
			isa = PBXGroup;
			children = (
				E18C62842B082525001B8F05 /* Preview Assets.xcassets */,
			);
			path = "Preview Content";
			sourceTree = "<group>";
		};
		E18C628D2B082525001B8F05 /* marvelAppIOSTests */ = {
			isa = PBXGroup;
			children = (
				E18C628E2B082525001B8F05 /* marvelAppIOSTests.swift */,
			);
			path = marvelAppIOSTests;
			sourceTree = "<group>";
		};
		E18C62972B082526001B8F05 /* marvelAppIOSUITests */ = {
			isa = PBXGroup;
			children = (
				E18C62982B082526001B8F05 /* marvelAppIOSUITests.swift */,
				E18C629A2B082526001B8F05 /* marvelAppIOSUITestsLaunchTests.swift */,
			);
			path = marvelAppIOSUITests;
			sourceTree = "<group>";
		};
		E18C62A72B082A99001B8F05 /* old */ = {
			isa = PBXGroup;
			children = (
				E18C62792B082524001B8F05 /* Persistence.swift */,
			);
			path = old;
			sourceTree = "<group>";
		};
		E18C62AA2B082B75001B8F05 /* Tools */ = {
			isa = PBXGroup;
			children = (
				E18C62C52B084059001B8F05 /* KeyChain.swift */,
			);
			path = Tools;
			sourceTree = "<group>";
		};
		E18C62AC2B082B88001B8F05 /* View */ = {
			isa = PBXGroup;
			children = (
				E1FE85D52B09529D00D11985 /* SeriesRow */,
				E18C62B32B082CDB001B8F05 /* CharactersDetail */,
				E1E1EF9E2B08EA8A0067FBF3 /* CharacterRow */,
				E18C62B62B082D3D001B8F05 /* CharactersList */,
				E18C62AD2B082BB4001B8F05 /* Login */,
				E18A586A2B861065000F74A6 /* Main.swift */,
			);
			path = View;
			sourceTree = "<group>";
		};
		E18C62AD2B082BB4001B8F05 /* Login */ = {
			isa = PBXGroup;
			children = (
				E18C62AE2B082BE9001B8F05 /* LoginView.swift */,
			);
			path = Login;
			sourceTree = "<group>";
		};
		E18C62B32B082CDB001B8F05 /* CharactersDetail */ = {
			isa = PBXGroup;
			children = (
				E18C62B42B082CF8001B8F05 /* CharactersDetailView.swift */,
			);
			path = CharactersDetail;
			sourceTree = "<group>";
		};
		E18C62B62B082D3D001B8F05 /* CharactersList */ = {
			isa = PBXGroup;
			children = (
				E18C62B72B082D66001B8F05 /* CharactersListView.swift */,
			);
			path = CharactersList;
			sourceTree = "<group>";
		};
		E1E1EF9E2B08EA8A0067FBF3 /* CharacterRow */ = {
			isa = PBXGroup;
			children = (
				E1E1EF9C2B08EA770067FBF3 /* CharacterRowView.swift */,
			);
			path = CharacterRow;
			sourceTree = "<group>";
		};
		E1FB16162B0A89FA002400E2 /* Models */ = {
			isa = PBXGroup;
			children = (
				E1FB16192B0A8AB0002400E2 /* RootModels.swift */,
			);
			path = Models;
			sourceTree = "<group>";
		};
		E1FB16172B0A8A03002400E2 /* Services */ = {
			isa = PBXGroup;
			children = (
				E1FB161B2B0A8DBE002400E2 /* BaseNetwork.swift */,
			);
			path = Services;
			sourceTree = "<group>";
		};
		E1FB16182B0A8A45002400E2 /* ViewModdels */ = {
			isa = PBXGroup;
			children = (
				E1FB161D2B0A992B002400E2 /* RootViewModel.swift */,
				E18A58672B852920000F74A6 /* SeriesViewModdel.swift */,
			);
			path = ViewModdels;
			sourceTree = "<group>";
		};
		E1FE85D52B09529D00D11985 /* SeriesRow */ = {
			isa = PBXGroup;
			children = (
				E1FE85D62B0952B600D11985 /* SeriesRowView.swift */,
			);
			path = SeriesRow;
			sourceTree = "<group>";
		};
/* End PBXGroup section */

/* Begin PBXNativeTarget section */
		E18C62732B082524001B8F05 /* marvelAppIOS */ = {
			isa = PBXNativeTarget;
			buildConfigurationList = E18C629E2B082526001B8F05 /* Build configuration list for PBXNativeTarget "marvelAppIOS" */;
			buildPhases = (
				E18C62702B082524001B8F05 /* Sources */,
				E18C62712B082524001B8F05 /* Frameworks */,
				E18C62722B082524001B8F05 /* Resources */,
			);
			buildRules = (
			);
			dependencies = (
			);
			name = marvelAppIOS;
			packageProductDependencies = (
				E18C62BB2B08334F001B8F05 /* KeychainSwift */,
			);
			productName = marvelAppIOS;
			productReference = E18C62742B082524001B8F05 /* marvelAppIOS.app */;
			productType = "com.apple.product-type.application";
		};
		E18C62892B082525001B8F05 /* marvelAppIOSTests */ = {
			isa = PBXNativeTarget;
			buildConfigurationList = E18C62A12B082526001B8F05 /* Build configuration list for PBXNativeTarget "marvelAppIOSTests" */;
			buildPhases = (
				E18C62862B082525001B8F05 /* Sources */,
				E18C62872B082525001B8F05 /* Frameworks */,
				E18C62882B082525001B8F05 /* Resources */,
			);
			buildRules = (
			);
			dependencies = (
				E18C628C2B082525001B8F05 /* PBXTargetDependency */,
			);
			name = marvelAppIOSTests;
			productName = marvelAppIOSTests;
			productReference = E18C628A2B082525001B8F05 /* marvelAppIOSTests.xctest */;
			productType = "com.apple.product-type.bundle.unit-test";
		};
		E18C62932B082526001B8F05 /* marvelAppIOSUITests */ = {
			isa = PBXNativeTarget;
			buildConfigurationList = E18C62A42B082526001B8F05 /* Build configuration list for PBXNativeTarget "marvelAppIOSUITests" */;
			buildPhases = (
				E18C62902B082526001B8F05 /* Sources */,
				E18C62912B082526001B8F05 /* Frameworks */,
				E18C62922B082526001B8F05 /* Resources */,
			);
			buildRules = (
			);
			dependencies = (
				E18C62962B082526001B8F05 /* PBXTargetDependency */,
			);
			name = marvelAppIOSUITests;
			productName = marvelAppIOSUITests;
			productReference = E18C62942B082526001B8F05 /* marvelAppIOSUITests.xctest */;
			productType = "com.apple.product-type.bundle.ui-testing";
		};
/* End PBXNativeTarget section */

/* Begin PBXProject section */
		E18C626C2B082524001B8F05 /* Project object */ = {
			isa = PBXProject;
			attributes = {
				BuildIndependentTargetsInParallel = 1;
				LastSwiftUpdateCheck = 1500;
				LastUpgradeCheck = 1520;
				TargetAttributes = {
					E18C62732B082524001B8F05 = {
						CreatedOnToolsVersion = 15.0.1;
					};
					E18C62892B082525001B8F05 = {
						CreatedOnToolsVersion = 15.0.1;
						TestTargetID = E18C62732B082524001B8F05;
					};
					E18C62932B082526001B8F05 = {
						CreatedOnToolsVersion = 15.0.1;
						TestTargetID = E18C62732B082524001B8F05;
					};
				};
			};
			buildConfigurationList = E18C626F2B082524001B8F05 /* Build configuration list for PBXProject "marvelAppIOS" */;
			compatibilityVersion = "Xcode 14.0";
			developmentRegion = en;
			hasScannedForEncodings = 0;
			knownRegions = (
				en,
				Base,
				es,
			);
			mainGroup = E18C626B2B082524001B8F05;
			packageReferences = (
				E18C62BA2B08334E001B8F05 /* XCRemoteSwiftPackageReference "keychain-swift" */,
			);
			productRefGroup = E18C62752B082524001B8F05 /* Products */;
			projectDirPath = "";
			projectRoot = "";
			targets = (
				E18C62732B082524001B8F05 /* marvelAppIOS */,
				E18C62892B082525001B8F05 /* marvelAppIOSTests */,
				E18C62932B082526001B8F05 /* marvelAppIOSUITests */,
			);
		};
/* End PBXProject section */

/* Begin PBXResourcesBuildPhase section */
		E18C62722B082524001B8F05 /* Resources */ = {
			isa = PBXResourcesBuildPhase;
			buildActionMask = 2147483647;
			files = (
				E18C62852B082525001B8F05 /* Preview Assets.xcassets in Resources */,
				E18C62C42B083EF5001B8F05 /* Localizable.xcstrings in Resources */,
				E18C62812B082525001B8F05 /* Assets.xcassets in Resources */,
			);
			runOnlyForDeploymentPostprocessing = 0;
		};
		E18C62882B082525001B8F05 /* Resources */ = {
			isa = PBXResourcesBuildPhase;
			buildActionMask = 2147483647;
			files = (
			);
			runOnlyForDeploymentPostprocessing = 0;
		};
		E18C62922B082526001B8F05 /* Resources */ = {
			isa = PBXResourcesBuildPhase;
			buildActionMask = 2147483647;
			files = (
			);
			runOnlyForDeploymentPostprocessing = 0;
		};
/* End PBXResourcesBuildPhase section */

/* Begin PBXSourcesBuildPhase section */
		E18C62702B082524001B8F05 /* Sources */ = {
			isa = PBXSourcesBuildPhase;
			buildActionMask = 2147483647;
			files = (
				E18A586B2B861065000F74A6 /* Main.swift in Sources */,
				E18C627D2B082524001B8F05 /* marvelAppIOS.xcdatamodeld in Sources */,
				E1E1EF9D2B08EA770067FBF3 /* CharacterRowView.swift in Sources */,
				E18A58682B852920000F74A6 /* SeriesViewModdel.swift in Sources */,
				E18C62782B082524001B8F05 /* marvelAppIOSApp.swift in Sources */,
				E17087D02B83C8120065F570 /* MockData.swift in Sources */,
				E1FB161A2B0A8AB0002400E2 /* RootModels.swift in Sources */,
				E18C62AF2B082BE9001B8F05 /* LoginView.swift in Sources */,
				E18C62B82B082D66001B8F05 /* CharactersListView.swift in Sources */,
				E18C62C62B084059001B8F05 /* KeyChain.swift in Sources */,
				E18C627A2B082524001B8F05 /* Persistence.swift in Sources */,
				E18C62B52B082CF8001B8F05 /* CharactersDetailView.swift in Sources */,
				E1FE85D72B0952B600D11985 /* SeriesRowView.swift in Sources */,
				E1FB161E2B0A992B002400E2 /* RootViewModel.swift in Sources */,
				E1FB161C2B0A8DBE002400E2 /* BaseNetwork.swift in Sources */,
			);
			runOnlyForDeploymentPostprocessing = 0;
		};
		E18C62862B082525001B8F05 /* Sources */ = {
			isa = PBXSourcesBuildPhase;
			buildActionMask = 2147483647;
			files = (
				E18C628F2B082525001B8F05 /* marvelAppIOSTests.swift in Sources */,
			);
			runOnlyForDeploymentPostprocessing = 0;
		};
		E18C62902B082526001B8F05 /* Sources */ = {
			isa = PBXSourcesBuildPhase;
			buildActionMask = 2147483647;
			files = (
				E18C62992B082526001B8F05 /* marvelAppIOSUITests.swift in Sources */,
				E18C629B2B082526001B8F05 /* marvelAppIOSUITestsLaunchTests.swift in Sources */,
			);
			runOnlyForDeploymentPostprocessing = 0;
		};
/* End PBXSourcesBuildPhase section */

/* Begin PBXTargetDependency section */
		E18C628C2B082525001B8F05 /* PBXTargetDependency */ = {
			isa = PBXTargetDependency;
			target = E18C62732B082524001B8F05 /* marvelAppIOS */;
			targetProxy = E18C628B2B082525001B8F05 /* PBXContainerItemProxy */;
		};
		E18C62962B082526001B8F05 /* PBXTargetDependency */ = {
			isa = PBXTargetDependency;
			target = E18C62732B082524001B8F05 /* marvelAppIOS */;
			targetProxy = E18C62952B082526001B8F05 /* PBXContainerItemProxy */;
		};
/* End PBXTargetDependency section */

/* Begin XCBuildConfiguration section */
		E18C629C2B082526001B8F05 /* Debug */ = {
			isa = XCBuildConfiguration;
			buildSettings = {
				ALWAYS_SEARCH_USER_PATHS = NO;
				ASSETCATALOG_COMPILER_GENERATE_SWIFT_ASSET_SYMBOL_EXTENSIONS = YES;
				CLANG_ANALYZER_LOCALIZABILITY_NONLOCALIZED = YES;
				CLANG_ANALYZER_NONNULL = YES;
				CLANG_ANALYZER_NUMBER_OBJECT_CONVERSION = YES_AGGRESSIVE;
				CLANG_CXX_LANGUAGE_STANDARD = "gnu++20";
				CLANG_ENABLE_MODULES = YES;
				CLANG_ENABLE_OBJC_ARC = YES;
				CLANG_ENABLE_OBJC_WEAK = YES;
				CLANG_WARN_BLOCK_CAPTURE_AUTORELEASING = YES;
				CLANG_WARN_BOOL_CONVERSION = YES;
				CLANG_WARN_COMMA = YES;
				CLANG_WARN_CONSTANT_CONVERSION = YES;
				CLANG_WARN_DEPRECATED_OBJC_IMPLEMENTATIONS = YES;
				CLANG_WARN_DIRECT_OBJC_ISA_USAGE = YES_ERROR;
				CLANG_WARN_DOCUMENTATION_COMMENTS = YES;
				CLANG_WARN_EMPTY_BODY = YES;
				CLANG_WARN_ENUM_CONVERSION = YES;
				CLANG_WARN_INFINITE_RECURSION = YES;
				CLANG_WARN_INT_CONVERSION = YES;
				CLANG_WARN_NON_LITERAL_NULL_CONVERSION = YES;
				CLANG_WARN_OBJC_IMPLICIT_RETAIN_SELF = YES;
				CLANG_WARN_OBJC_LITERAL_CONVERSION = YES;
				CLANG_WARN_OBJC_ROOT_CLASS = YES_ERROR;
				CLANG_WARN_QUOTED_INCLUDE_IN_FRAMEWORK_HEADER = YES;
				CLANG_WARN_RANGE_LOOP_ANALYSIS = YES;
				CLANG_WARN_STRICT_PROTOTYPES = YES;
				CLANG_WARN_SUSPICIOUS_MOVE = YES;
				CLANG_WARN_UNGUARDED_AVAILABILITY = YES_AGGRESSIVE;
				CLANG_WARN_UNREACHABLE_CODE = YES;
				CLANG_WARN__DUPLICATE_METHOD_MATCH = YES;
				COPY_PHASE_STRIP = NO;
				DEAD_CODE_STRIPPING = YES;
				DEBUG_INFORMATION_FORMAT = dwarf;
				ENABLE_STRICT_OBJC_MSGSEND = YES;
				ENABLE_TESTABILITY = YES;
				ENABLE_USER_SCRIPT_SANDBOXING = YES;
				GCC_C_LANGUAGE_STANDARD = gnu17;
				GCC_DYNAMIC_NO_PIC = NO;
				GCC_NO_COMMON_BLOCKS = YES;
				GCC_OPTIMIZATION_LEVEL = 0;
				GCC_PREPROCESSOR_DEFINITIONS = (
					"DEBUG=1",
					"$(inherited)",
				);
				GCC_WARN_64_TO_32_BIT_CONVERSION = YES;
				GCC_WARN_ABOUT_RETURN_TYPE = YES_ERROR;
				GCC_WARN_UNDECLARED_SELECTOR = YES;
				GCC_WARN_UNINITIALIZED_AUTOS = YES_AGGRESSIVE;
				GCC_WARN_UNUSED_FUNCTION = YES;
				GCC_WARN_UNUSED_VARIABLE = YES;
				LOCALIZATION_PREFERS_STRING_CATALOGS = YES;
				MTL_ENABLE_DEBUG_INFO = INCLUDE_SOURCE;
				MTL_FAST_MATH = YES;
				ONLY_ACTIVE_ARCH = YES;
				SWIFT_ACTIVE_COMPILATION_CONDITIONS = "DEBUG $(inherited)";
				SWIFT_OPTIMIZATION_LEVEL = "-Onone";
			};
			name = Debug;
		};
		E18C629D2B082526001B8F05 /* Release */ = {
			isa = XCBuildConfiguration;
			buildSettings = {
				ALWAYS_SEARCH_USER_PATHS = NO;
				ASSETCATALOG_COMPILER_GENERATE_SWIFT_ASSET_SYMBOL_EXTENSIONS = YES;
				CLANG_ANALYZER_LOCALIZABILITY_NONLOCALIZED = YES;
				CLANG_ANALYZER_NONNULL = YES;
				CLANG_ANALYZER_NUMBER_OBJECT_CONVERSION = YES_AGGRESSIVE;
				CLANG_CXX_LANGUAGE_STANDARD = "gnu++20";
				CLANG_ENABLE_MODULES = YES;
				CLANG_ENABLE_OBJC_ARC = YES;
				CLANG_ENABLE_OBJC_WEAK = YES;
				CLANG_WARN_BLOCK_CAPTURE_AUTORELEASING = YES;
				CLANG_WARN_BOOL_CONVERSION = YES;
				CLANG_WARN_COMMA = YES;
				CLANG_WARN_CONSTANT_CONVERSION = YES;
				CLANG_WARN_DEPRECATED_OBJC_IMPLEMENTATIONS = YES;
				CLANG_WARN_DIRECT_OBJC_ISA_USAGE = YES_ERROR;
				CLANG_WARN_DOCUMENTATION_COMMENTS = YES;
				CLANG_WARN_EMPTY_BODY = YES;
				CLANG_WARN_ENUM_CONVERSION = YES;
				CLANG_WARN_INFINITE_RECURSION = YES;
				CLANG_WARN_INT_CONVERSION = YES;
				CLANG_WARN_NON_LITERAL_NULL_CONVERSION = YES;
				CLANG_WARN_OBJC_IMPLICIT_RETAIN_SELF = YES;
				CLANG_WARN_OBJC_LITERAL_CONVERSION = YES;
				CLANG_WARN_OBJC_ROOT_CLASS = YES_ERROR;
				CLANG_WARN_QUOTED_INCLUDE_IN_FRAMEWORK_HEADER = YES;
				CLANG_WARN_RANGE_LOOP_ANALYSIS = YES;
				CLANG_WARN_STRICT_PROTOTYPES = YES;
				CLANG_WARN_SUSPICIOUS_MOVE = YES;
				CLANG_WARN_UNGUARDED_AVAILABILITY = YES_AGGRESSIVE;
				CLANG_WARN_UNREACHABLE_CODE = YES;
				CLANG_WARN__DUPLICATE_METHOD_MATCH = YES;
				COPY_PHASE_STRIP = NO;
				DEAD_CODE_STRIPPING = YES;
				DEBUG_INFORMATION_FORMAT = "dwarf-with-dsym";
				ENABLE_NS_ASSERTIONS = NO;
				ENABLE_STRICT_OBJC_MSGSEND = YES;
				ENABLE_USER_SCRIPT_SANDBOXING = YES;
				GCC_C_LANGUAGE_STANDARD = gnu17;
				GCC_NO_COMMON_BLOCKS = YES;
				GCC_WARN_64_TO_32_BIT_CONVERSION = YES;
				GCC_WARN_ABOUT_RETURN_TYPE = YES_ERROR;
				GCC_WARN_UNDECLARED_SELECTOR = YES;
				GCC_WARN_UNINITIALIZED_AUTOS = YES_AGGRESSIVE;
				GCC_WARN_UNUSED_FUNCTION = YES;
				GCC_WARN_UNUSED_VARIABLE = YES;
				LOCALIZATION_PREFERS_STRING_CATALOGS = YES;
				MTL_ENABLE_DEBUG_INFO = NO;
				MTL_FAST_MATH = YES;
				SWIFT_COMPILATION_MODE = wholemodule;
			};
			name = Release;
		};
		E18C629F2B082526001B8F05 /* Debug */ = {
			isa = XCBuildConfiguration;
			buildSettings = {
				ASSETCATALOG_COMPILER_APPICON_NAME = AppIcon;
				ASSETCATALOG_COMPILER_GLOBAL_ACCENT_COLOR_NAME = AccentColor;
				CODE_SIGN_ENTITLEMENTS = marvelAppIOS/marvelAppIOS.entitlements;
				CODE_SIGN_STYLE = Automatic;
				CURRENT_PROJECT_VERSION = 1;
				DEAD_CODE_STRIPPING = YES;
				DEVELOPMENT_ASSET_PATHS = "\"marvelAppIOS/Preview Content\"";
				DEVELOPMENT_TEAM = P3B2ZL82AH;
				ENABLE_HARDENED_RUNTIME = YES;
				ENABLE_PREVIEWS = YES;
				GENERATE_INFOPLIST_FILE = YES;
				INFOPLIST_FILE = marvelAppIOS/Info.plist;
				"INFOPLIST_KEY_UIApplicationSceneManifest_Generation[sdk=iphoneos*]" = YES;
				"INFOPLIST_KEY_UIApplicationSceneManifest_Generation[sdk=iphonesimulator*]" = YES;
				"INFOPLIST_KEY_UIApplicationSupportsIndirectInputEvents[sdk=iphoneos*]" = YES;
				"INFOPLIST_KEY_UIApplicationSupportsIndirectInputEvents[sdk=iphonesimulator*]" = YES;
				"INFOPLIST_KEY_UILaunchScreen_Generation[sdk=iphoneos*]" = YES;
				"INFOPLIST_KEY_UILaunchScreen_Generation[sdk=iphonesimulator*]" = YES;
				"INFOPLIST_KEY_UIStatusBarStyle[sdk=iphoneos*]" = UIStatusBarStyleDefault;
				"INFOPLIST_KEY_UIStatusBarStyle[sdk=iphonesimulator*]" = UIStatusBarStyleDefault;
				INFOPLIST_KEY_UISupportedInterfaceOrientations_iPad = "UIInterfaceOrientationPortrait UIInterfaceOrientationPortraitUpsideDown UIInterfaceOrientationLandscapeLeft UIInterfaceOrientationLandscapeRight";
				INFOPLIST_KEY_UISupportedInterfaceOrientations_iPhone = "UIInterfaceOrientationPortrait UIInterfaceOrientationLandscapeLeft UIInterfaceOrientationLandscapeRight";
				IPHONEOS_DEPLOYMENT_TARGET = 17.0;
				LD_RUNPATH_SEARCH_PATHS = "@executable_path/Frameworks";
				"LD_RUNPATH_SEARCH_PATHS[sdk=macosx*]" = "@executable_path/../Frameworks";
				MACOSX_DEPLOYMENT_TARGET = 14.0;
				MARKETING_VERSION = 1.0;
				PRODUCT_BUNDLE_IDENTIFIER = com.keepcoding.marvelAppIOS;
				PRODUCT_NAME = "$(TARGET_NAME)";
				SDKROOT = auto;
				SUPPORTED_PLATFORMS = "iphoneos iphonesimulator macosx";
				SWIFT_EMIT_LOC_STRINGS = YES;
				SWIFT_VERSION = 5.0;
				TARGETED_DEVICE_FAMILY = "1,2";
			};
			name = Debug;
		};
		E18C62A02B082526001B8F05 /* Release */ = {
			isa = XCBuildConfiguration;
			buildSettings = {
				ASSETCATALOG_COMPILER_APPICON_NAME = AppIcon;
				ASSETCATALOG_COMPILER_GLOBAL_ACCENT_COLOR_NAME = AccentColor;
				CODE_SIGN_ENTITLEMENTS = marvelAppIOS/marvelAppIOS.entitlements;
				CODE_SIGN_STYLE = Automatic;
				CURRENT_PROJECT_VERSION = 1;
				DEAD_CODE_STRIPPING = YES;
				DEVELOPMENT_ASSET_PATHS = "\"marvelAppIOS/Preview Content\"";
				DEVELOPMENT_TEAM = P3B2ZL82AH;
				ENABLE_HARDENED_RUNTIME = YES;
				ENABLE_PREVIEWS = YES;
				GENERATE_INFOPLIST_FILE = YES;
				INFOPLIST_FILE = marvelAppIOS/Info.plist;
				"INFOPLIST_KEY_UIApplicationSceneManifest_Generation[sdk=iphoneos*]" = YES;
				"INFOPLIST_KEY_UIApplicationSceneManifest_Generation[sdk=iphonesimulator*]" = YES;
				"INFOPLIST_KEY_UIApplicationSupportsIndirectInputEvents[sdk=iphoneos*]" = YES;
				"INFOPLIST_KEY_UIApplicationSupportsIndirectInputEvents[sdk=iphonesimulator*]" = YES;
				"INFOPLIST_KEY_UILaunchScreen_Generation[sdk=iphoneos*]" = YES;
				"INFOPLIST_KEY_UILaunchScreen_Generation[sdk=iphonesimulator*]" = YES;
				"INFOPLIST_KEY_UIStatusBarStyle[sdk=iphoneos*]" = UIStatusBarStyleDefault;
				"INFOPLIST_KEY_UIStatusBarStyle[sdk=iphonesimulator*]" = UIStatusBarStyleDefault;
				INFOPLIST_KEY_UISupportedInterfaceOrientations_iPad = "UIInterfaceOrientationPortrait UIInterfaceOrientationPortraitUpsideDown UIInterfaceOrientationLandscapeLeft UIInterfaceOrientationLandscapeRight";
				INFOPLIST_KEY_UISupportedInterfaceOrientations_iPhone = "UIInterfaceOrientationPortrait UIInterfaceOrientationLandscapeLeft UIInterfaceOrientationLandscapeRight";
				IPHONEOS_DEPLOYMENT_TARGET = 17.0;
				LD_RUNPATH_SEARCH_PATHS = "@executable_path/Frameworks";
				"LD_RUNPATH_SEARCH_PATHS[sdk=macosx*]" = "@executable_path/../Frameworks";
				MACOSX_DEPLOYMENT_TARGET = 14.0;
				MARKETING_VERSION = 1.0;
				PRODUCT_BUNDLE_IDENTIFIER = com.keepcoding.marvelAppIOS;
				PRODUCT_NAME = "$(TARGET_NAME)";
				SDKROOT = auto;
				SUPPORTED_PLATFORMS = "iphoneos iphonesimulator macosx";
				SWIFT_EMIT_LOC_STRINGS = YES;
				SWIFT_VERSION = 5.0;
				TARGETED_DEVICE_FAMILY = "1,2";
			};
			name = Release;
		};
		E18C62A22B082526001B8F05 /* Debug */ = {
			isa = XCBuildConfiguration;
			buildSettings = {
				ALWAYS_EMBED_SWIFT_STANDARD_LIBRARIES = YES;
				BUNDLE_LOADER = "$(TEST_HOST)";
				CODE_SIGN_STYLE = Automatic;
				CURRENT_PROJECT_VERSION = 1;
				DEAD_CODE_STRIPPING = YES;
				DEVELOPMENT_TEAM = P3B2ZL82AH;
				GENERATE_INFOPLIST_FILE = YES;
				IPHONEOS_DEPLOYMENT_TARGET = 17.0;
				MACOSX_DEPLOYMENT_TARGET = 14.0;
				MARKETING_VERSION = 1.0;
				PRODUCT_BUNDLE_IDENTIFIER = com.keepcoding.marvelAppIOSTests;
				PRODUCT_NAME = "$(TARGET_NAME)";
				SDKROOT = auto;
				SUPPORTED_PLATFORMS = "iphoneos iphonesimulator macosx";
				SWIFT_EMIT_LOC_STRINGS = NO;
				SWIFT_VERSION = 5.0;
				TARGETED_DEVICE_FAMILY = "1,2";
				TEST_HOST = "$(BUILT_PRODUCTS_DIR)/marvelAppIOS.app/$(BUNDLE_EXECUTABLE_FOLDER_PATH)/marvelAppIOS";
			};
			name = Debug;
		};
		E18C62A32B082526001B8F05 /* Release */ = {
			isa = XCBuildConfiguration;
			buildSettings = {
				ALWAYS_EMBED_SWIFT_STANDARD_LIBRARIES = YES;
				BUNDLE_LOADER = "$(TEST_HOST)";
				CODE_SIGN_STYLE = Automatic;
				CURRENT_PROJECT_VERSION = 1;
				DEAD_CODE_STRIPPING = YES;
				DEVELOPMENT_TEAM = P3B2ZL82AH;
				GENERATE_INFOPLIST_FILE = YES;
				IPHONEOS_DEPLOYMENT_TARGET = 17.0;
				MACOSX_DEPLOYMENT_TARGET = 14.0;
				MARKETING_VERSION = 1.0;
				PRODUCT_BUNDLE_IDENTIFIER = com.keepcoding.marvelAppIOSTests;
				PRODUCT_NAME = "$(TARGET_NAME)";
				SDKROOT = auto;
				SUPPORTED_PLATFORMS = "iphoneos iphonesimulator macosx";
				SWIFT_EMIT_LOC_STRINGS = NO;
				SWIFT_VERSION = 5.0;
				TARGETED_DEVICE_FAMILY = "1,2";
				TEST_HOST = "$(BUILT_PRODUCTS_DIR)/marvelAppIOS.app/$(BUNDLE_EXECUTABLE_FOLDER_PATH)/marvelAppIOS";
			};
			name = Release;
		};
		E18C62A52B082526001B8F05 /* Debug */ = {
			isa = XCBuildConfiguration;
			buildSettings = {
				ALWAYS_EMBED_SWIFT_STANDARD_LIBRARIES = YES;
				CODE_SIGN_STYLE = Automatic;
				CURRENT_PROJECT_VERSION = 1;
				DEAD_CODE_STRIPPING = YES;
				DEVELOPMENT_TEAM = P3B2ZL82AH;
				GENERATE_INFOPLIST_FILE = YES;
				IPHONEOS_DEPLOYMENT_TARGET = 17.0;
				MACOSX_DEPLOYMENT_TARGET = 14.0;
				MARKETING_VERSION = 1.0;
				PRODUCT_BUNDLE_IDENTIFIER = com.keepcoding.marvelAppIOSUITests;
				PRODUCT_NAME = "$(TARGET_NAME)";
				SDKROOT = auto;
				SUPPORTED_PLATFORMS = "iphoneos iphonesimulator macosx";
				SWIFT_EMIT_LOC_STRINGS = NO;
				SWIFT_VERSION = 5.0;
				TARGETED_DEVICE_FAMILY = "1,2";
				TEST_TARGET_NAME = marvelAppIOS;
			};
			name = Debug;
		};
		E18C62A62B082526001B8F05 /* Release */ = {
			isa = XCBuildConfiguration;
			buildSettings = {
				ALWAYS_EMBED_SWIFT_STANDARD_LIBRARIES = YES;
				CODE_SIGN_STYLE = Automatic;
				CURRENT_PROJECT_VERSION = 1;
				DEAD_CODE_STRIPPING = YES;
				DEVELOPMENT_TEAM = P3B2ZL82AH;
				GENERATE_INFOPLIST_FILE = YES;
				IPHONEOS_DEPLOYMENT_TARGET = 17.0;
				MACOSX_DEPLOYMENT_TARGET = 14.0;
				MARKETING_VERSION = 1.0;
				PRODUCT_BUNDLE_IDENTIFIER = com.keepcoding.marvelAppIOSUITests;
				PRODUCT_NAME = "$(TARGET_NAME)";
				SDKROOT = auto;
				SUPPORTED_PLATFORMS = "iphoneos iphonesimulator macosx";
				SWIFT_EMIT_LOC_STRINGS = NO;
				SWIFT_VERSION = 5.0;
				TARGETED_DEVICE_FAMILY = "1,2";
				TEST_TARGET_NAME = marvelAppIOS;
			};
			name = Release;
		};
/* End XCBuildConfiguration section */

/* Begin XCConfigurationList section */
		E18C626F2B082524001B8F05 /* Build configuration list for PBXProject "marvelAppIOS" */ = {
			isa = XCConfigurationList;
			buildConfigurations = (
				E18C629C2B082526001B8F05 /* Debug */,
				E18C629D2B082526001B8F05 /* Release */,
			);
			defaultConfigurationIsVisible = 0;
			defaultConfigurationName = Release;
		};
		E18C629E2B082526001B8F05 /* Build configuration list for PBXNativeTarget "marvelAppIOS" */ = {
			isa = XCConfigurationList;
			buildConfigurations = (
				E18C629F2B082526001B8F05 /* Debug */,
				E18C62A02B082526001B8F05 /* Release */,
			);
			defaultConfigurationIsVisible = 0;
			defaultConfigurationName = Release;
		};
		E18C62A12B082526001B8F05 /* Build configuration list for PBXNativeTarget "marvelAppIOSTests" */ = {
			isa = XCConfigurationList;
			buildConfigurations = (
				E18C62A22B082526001B8F05 /* Debug */,
				E18C62A32B082526001B8F05 /* Release */,
			);
			defaultConfigurationIsVisible = 0;
			defaultConfigurationName = Release;
		};
		E18C62A42B082526001B8F05 /* Build configuration list for PBXNativeTarget "marvelAppIOSUITests" */ = {
			isa = XCConfigurationList;
			buildConfigurations = (
				E18C62A52B082526001B8F05 /* Debug */,
				E18C62A62B082526001B8F05 /* Release */,
			);
			defaultConfigurationIsVisible = 0;
			defaultConfigurationName = Release;
		};
/* End XCConfigurationList section */

/* Begin XCRemoteSwiftPackageReference section */
		E18C62BA2B08334E001B8F05 /* XCRemoteSwiftPackageReference "keychain-swift" */ = {
			isa = XCRemoteSwiftPackageReference;
			repositoryURL = "https://github.com/evgenyneu/keychain-swift.git";
			requirement = {
				kind = upToNextMajorVersion;
				minimumVersion = 20.0.0;
			};
		};
/* End XCRemoteSwiftPackageReference section */

/* Begin XCSwiftPackageProductDependency section */
		E18C62BB2B08334F001B8F05 /* KeychainSwift */ = {
			isa = XCSwiftPackageProductDependency;
			package = E18C62BA2B08334E001B8F05 /* XCRemoteSwiftPackageReference "keychain-swift" */;
			productName = KeychainSwift;
		};
/* End XCSwiftPackageProductDependency section */

/* Begin XCVersionGroup section */
		E18C627B2B082524001B8F05 /* marvelAppIOS.xcdatamodeld */ = {
			isa = XCVersionGroup;
			children = (
				E18C627C2B082524001B8F05 /* marvelAppIOS.xcdatamodel */,
			);
			currentVersion = E18C627C2B082524001B8F05 /* marvelAppIOS.xcdatamodel */;
			path = marvelAppIOS.xcdatamodeld;
			sourceTree = "<group>";
			versionGroupType = wrapper.xcdatamodel;
		};
/* End XCVersionGroup section */
	};
	rootObject = E18C626C2B082524001B8F05 /* Project object */;
}
